
Microsoft Visual Studio Solution File, Format Version 12.00
# Visual Studio 15
VisualStudioVersion = 15.0.27428.2005
MinimumVisualStudioVersion = 10.0.40219.1
Project("{FAE04EC0-301F-11D3-BF4B-00C04F79EFBC}") = "AspNetCorePnotify", "AspNetCorePnotify\AspNetCorePnotify.csproj", "{4CF233E7-B0E5-4FAB-B4F2-8480E354404C}"
EndProject
Global
	GlobalSection(SolutionConfigurationPlatforms) = preSolution
		Debug|Any CPU = Debug|Any CPU
		Release|Any CPU = Release|Any CPU
	EndGlobalSection
	GlobalSection(ProjectConfigurationPlatforms) = postSolution
		{4CF233E7-B0E5-4FAB-B4F2-8480E354404C}.Debug|Any CPU.ActiveCfg = Debug|Any CPU
		{4CF233E7-B0E5-4FAB-B4F2-8480E354404C}.Debug|Any CPU.Build.0 = Debug|Any CPU
		{4CF233E7-B0E5-4FAB-B4F2-8480E354404C}.Release|Any CPU.ActiveCfg = Release|Any CPU
		{4CF233E7-B0E5-4FAB-B4F2-8480E354404C}.Release|Any CPU.Build.0 = Release|Any CPU
	EndGlobalSection
	GlobalSection(SolutionProperties) = preSolution
		HideSolutionNode = FALSE
	EndGlobalSection
	GlobalSection(ExtensibilityGlobals) = postSolution
		SolutionGuid = {E12D4D8E-E68F-4156-BF91-FFA37EB7840A}
	EndGlobalSection
EndGlobal
